
Microsoft Visual Studio Solution File, Format Version 12.00
# Visual Studio Version 17
VisualStudioVersion = 17.7.34031.279
MinimumVisualStudioVersion = 10.0.40219.1
Project("{FAE04EC0-301F-11D3-BF4B-00C04F79EFBC}") = "practica1", "practica1\practica1.csproj", "{D638DA35-D3D3-44F2-8335-72C093B2EE44}"
EndProject
Global
	GlobalSection(SolutionConfigurationPlatforms) = preSolution
		Debug|Any CPU = Debug|Any CPU
		Release|Any CPU = Release|Any CPU
	EndGlobalSection
	GlobalSection(ProjectConfigurationPlatforms) = postSolution
		{D638DA35-D3D3-44F2-8335-72C093B2EE44}.Debug|Any CPU.ActiveCfg = Debug|Any CPU
		{D638DA35-D3D3-44F2-8335-72C093B2EE44}.Debug|Any CPU.Build.0 = Debug|Any CPU
		{D638DA35-D3D3-44F2-8335-72C093B2EE44}.Release|Any CPU.ActiveCfg = Release|Any CPU
		{D638DA35-D3D3-44F2-8335-72C093B2EE44}.Release|Any CPU.Build.0 = Release|Any CPU
	EndGlobalSection
	GlobalSection(SolutionProperties) = preSolution
		HideSolutionNode = FALSE
	EndGlobalSection
	GlobalSection(ExtensibilityGlobals) = postSolution
		SolutionGuid = {388131D2-CF20-4F13-841E-355963975544}
	EndGlobalSection
EndGlobal
